
Microsoft Visual Studio Solution File, Format Version 12.00
# Visual Studio 2013
VisualStudioVersion = 12.0.31101.0
MinimumVisualStudioVersion = 10.0.40219.1
Project("{FAE04EC0-301F-11D3-BF4B-00C04F79EFBC}") = "AppService", "AppService\AppService.csproj", "{1F7A9F57-B7C7-42FB-887E-391C8C80FB2E}"
EndProject
Project("{FAE04EC0-301F-11D3-BF4B-00C04F79EFBC}") = "ServiceContracts", "ServiceContracts\ServiceContracts.csproj", "{89FA07A6-E40C-4146-B9E1-909FD5BDDA64}"
EndProject
Project("{FAE04EC0-301F-11D3-BF4B-00C04F79EFBC}") = "ServiceImplementations", "ServiceImplementations\ServiceImplementations.csproj", "{81B773C3-91D3-479C-B3F0-4DF2E6374784}"
EndProject
Project("{FAE04EC0-301F-11D3-BF4B-00C04F79EFBC}") = "Dtos", "Dtos\Dtos.csproj", "{37F0850D-C570-43A7-BF09-EA8770A9032D}"
EndProject
Project("{FAE04EC0-301F-11D3-BF4B-00C04F79EFBC}") = "UnitTestFriendlyDal", "UnitTestFriendlyDal\UnitTestFriendlyDal.csproj", "{73BFB2C3-27A1-41D7-B3C7-F79C90AE5D6C}"
EndProject
Project("{FAE04EC0-301F-11D3-BF4B-00C04F79EFBC}") = "RichDomainModels", "RichDomainModels\RichDomainModels.csproj", "{3225A283-AC7A-43A0-9F48-9A0B22E17FB9}"
EndProject
Project("{FAE04EC0-301F-11D3-BF4B-00C04F79EFBC}") = "RichDomainModelsMapping", "RichDomainModelsMapping\RichDomainModelsMapping.csproj", "{AE9A0634-5149-4C5B-93FA-7A19887F2EBF}"
EndProject
Project("{FAE04EC0-301F-11D3-BF4B-00C04F79EFBC}") = "AspNetMvcUseWcf", "AspNetMvcUseWcf\AspNetMvcUseWcf.csproj", "{4D60221A-AA0D-460B-9F60-19A85BF8A538}"
EndProject
Global
	GlobalSection(SolutionConfigurationPlatforms) = preSolution
		Debug|Any CPU = Debug|Any CPU
		Release|Any CPU = Release|Any CPU
	EndGlobalSection
	GlobalSection(ProjectConfigurationPlatforms) = postSolution
		{1F7A9F57-B7C7-42FB-887E-391C8C80FB2E}.Debug|Any CPU.ActiveCfg = Debug|Any CPU
		{1F7A9F57-B7C7-42FB-887E-391C8C80FB2E}.Debug|Any CPU.Build.0 = Debug|Any CPU
		{1F7A9F57-B7C7-42FB-887E-391C8C80FB2E}.Release|Any CPU.ActiveCfg = Release|Any CPU
		{1F7A9F57-B7C7-42FB-887E-391C8C80FB2E}.Release|Any CPU.Build.0 = Release|Any CPU
		{89FA07A6-E40C-4146-B9E1-909FD5BDDA64}.Debug|Any CPU.ActiveCfg = Debug|Any CPU
		{89FA07A6-E40C-4146-B9E1-909FD5BDDA64}.Debug|Any CPU.Build.0 = Debug|Any CPU
		{89FA07A6-E40C-4146-B9E1-909FD5BDDA64}.Release|Any CPU.ActiveCfg = Release|Any CPU
		{89FA07A6-E40C-4146-B9E1-909FD5BDDA64}.Release|Any CPU.Build.0 = Release|Any CPU
		{81B773C3-91D3-479C-B3F0-4DF2E6374784}.Debug|Any CPU.ActiveCfg = Debug|Any CPU
		{81B773C3-91D3-479C-B3F0-4DF2E6374784}.Debug|Any CPU.Build.0 = Debug|Any CPU
		{81B773C3-91D3-479C-B3F0-4DF2E6374784}.Release|Any CPU.ActiveCfg = Release|Any CPU
		{81B773C3-91D3-479C-B3F0-4DF2E6374784}.Release|Any CPU.Build.0 = Release|Any CPU
		{37F0850D-C570-43A7-BF09-EA8770A9032D}.Debug|Any CPU.ActiveCfg = Debug|Any CPU
		{37F0850D-C570-43A7-BF09-EA8770A9032D}.Debug|Any CPU.Build.0 = Debug|Any CPU
		{37F0850D-C570-43A7-BF09-EA8770A9032D}.Release|Any CPU.ActiveCfg = Release|Any CPU
		{37F0850D-C570-43A7-BF09-EA8770A9032D}.Release|Any CPU.Build.0 = Release|Any CPU
		{73BFB2C3-27A1-41D7-B3C7-F79C90AE5D6C}.Debug|Any CPU.ActiveCfg = Debug|Any CPU
		{73BFB2C3-27A1-41D7-B3C7-F79C90AE5D6C}.Debug|Any CPU.Build.0 = Debug|Any CPU
		{73BFB2C3-27A1-41D7-B3C7-F79C90AE5D6C}.Release|Any CPU.ActiveCfg = Release|Any CPU
		{73BFB2C3-27A1-41D7-B3C7-F79C90AE5D6C}.Release|Any CPU.Build.0 = Release|Any CPU
		{3225A283-AC7A-43A0-9F48-9A0B22E17FB9}.Debug|Any CPU.ActiveCfg = Debug|Any CPU
		{3225A283-AC7A-43A0-9F48-9A0B22E17FB9}.Debug|Any CPU.Build.0 = Debug|Any CPU
		{3225A283-AC7A-43A0-9F48-9A0B22E17FB9}.Release|Any CPU.ActiveCfg = Release|Any CPU
		{3225A283-AC7A-43A0-9F48-9A0B22E17FB9}.Release|Any CPU.Build.0 = Release|Any CPU
		{AE9A0634-5149-4C5B-93FA-7A19887F2EBF}.Debug|Any CPU.ActiveCfg = Debug|Any CPU
		{AE9A0634-5149-4C5B-93FA-7A19887F2EBF}.Debug|Any CPU.Build.0 = Debug|Any CPU
		{AE9A0634-5149-4C5B-93FA-7A19887F2EBF}.Release|Any CPU.ActiveCfg = Release|Any CPU
		{AE9A0634-5149-4C5B-93FA-7A19887F2EBF}.Release|Any CPU.Build.0 = Release|Any CPU
		{4D60221A-AA0D-460B-9F60-19A85BF8A538}.Debug|Any CPU.ActiveCfg = Debug|Any CPU
		{4D60221A-AA0D-460B-9F60-19A85BF8A538}.Debug|Any CPU.Build.0 = Debug|Any CPU
		{4D60221A-AA0D-460B-9F60-19A85BF8A538}.Release|Any CPU.ActiveCfg = Release|Any CPU
		{4D60221A-AA0D-460B-9F60-19A85BF8A538}.Release|Any CPU.Build.0 = Release|Any CPU
	EndGlobalSection
	GlobalSection(SolutionProperties) = preSolution
		HideSolutionNode = FALSE
	EndGlobalSection
EndGlobal
